// !$*UTF8*$!
{
	archiveVersion = 1;
	classes = {
	};
	objectVersion = 55;
	objects = {

/* Begin PBXBuildFile section */
		7C3651112806AA9500AB5EC0 /* AppDelegate.swift in Sources */ = {isa = PBXBuildFile; fileRef = 7C3651102806AA9500AB5EC0 /* AppDelegate.swift */; };
		7C3651132806AA9500AB5EC0 /* SceneDelegate.swift in Sources */ = {isa = PBXBuildFile; fileRef = 7C3651122806AA9500AB5EC0 /* SceneDelegate.swift */; };
		7C36511A2806AA9600AB5EC0 /* Assets.xcassets in Resources */ = {isa = PBXBuildFile; fileRef = 7C3651192806AA9600AB5EC0 /* Assets.xcassets */; };
		7C36511D2806AA9600AB5EC0 /* LaunchScreen.storyboard in Resources */ = {isa = PBXBuildFile; fileRef = 7C36511B2806AA9600AB5EC0 /* LaunchScreen.storyboard */; };
		7C3651252806ABB400AB5EC0 /* HabitsStore.swift in Sources */ = {isa = PBXBuildFile; fileRef = 7C3651242806ABB400AB5EC0 /* HabitsStore.swift */; };
		7C36512B2806B3E100AB5EC0 /* MainTabBarController.swift in Sources */ = {isa = PBXBuildFile; fileRef = 7C36512A2806B3E100AB5EC0 /* MainTabBarController.swift */; };
		7C36512D2806C81E00AB5EC0 /* HabitsViewController.swift in Sources */ = {isa = PBXBuildFile; fileRef = 7C36512C2806C81E00AB5EC0 /* HabitsViewController.swift */; };
		7C36512F2806C84F00AB5EC0 /* InfoViewController.swift in Sources */ = {isa = PBXBuildFile; fileRef = 7C36512E2806C84E00AB5EC0 /* InfoViewController.swift */; };
		7C3651312806DB0100AB5EC0 /* InfoView.swift in Sources */ = {isa = PBXBuildFile; fileRef = 7C3651302806DB0100AB5EC0 /* InfoView.swift */; };
		7C3651332807162200AB5EC0 /* HabitViewController.swift in Sources */ = {isa = PBXBuildFile; fileRef = 7C3651322807162200AB5EC0 /* HabitViewController.swift */; };
		7C3651352807632E00AB5EC0 /* CustomColors.swift in Sources */ = {isa = PBXBuildFile; fileRef = 7C3651342807632E00AB5EC0 /* CustomColors.swift */; };
		7C365138280834B700AB5EC0 /* UIView + Extension.swift in Sources */ = {isa = PBXBuildFile; fileRef = 7C365136280834B700AB5EC0 /* UIView + Extension.swift */; };
		7C365139280834B700AB5EC0 /* HabitView.swift in Sources */ = {isa = PBXBuildFile; fileRef = 7C365137280834B700AB5EC0 /* HabitView.swift */; };
		7C4169A628098BDC00A79120 /* ProgressCollectionViewCell.swift in Sources */ = {isa = PBXBuildFile; fileRef = 7C4169A528098BDC00A79120 /* ProgressCollectionViewCell.swift */; };
		7C4169A8280AD95000A79120 /* HabitCollectionViewCell.swift in Sources */ = {isa = PBXBuildFile; fileRef = 7C4169A7280AD95000A79120 /* HabitCollectionViewCell.swift */; };
		7C4169AA280D64D200A79120 /* HabitDetailsViewController.swift in Sources */ = {isa = PBXBuildFile; fileRef = 7C4169A9280D64D200A79120 /* HabitDetailsViewController.swift */; };
		7C4169AC2810238A00A79120 /* HabitCollectionViewCellDelgate.swift in Sources */ = {isa = PBXBuildFile; fileRef = 7C4169AB2810238A00A79120 /* HabitCollectionViewCellDelgate.swift */; };
/* End PBXBuildFile section */

/* Begin PBXFileReference section */
		7C36510D2806AA9500AB5EC0 /* MyHabits.app */ = {isa = PBXFileReference; explicitFileType = wrapper.application; includeInIndex = 0; path = MyHabits.app; sourceTree = BUILT_PRODUCTS_DIR; };
		7C3651102806AA9500AB5EC0 /* AppDelegate.swift */ = {isa = PBXFileReference; lastKnownFileType = sourcecode.swift; path = AppDelegate.swift; sourceTree = "<group>"; };
		7C3651122806AA9500AB5EC0 /* SceneDelegate.swift */ = {isa = PBXFileReference; lastKnownFileType = sourcecode.swift; path = SceneDelegate.swift; sourceTree = "<group>"; };
		7C3651192806AA9600AB5EC0 /* Assets.xcassets */ = {isa = PBXFileReference; lastKnownFileType = folder.assetcatalog; path = Assets.xcassets; sourceTree = "<group>"; };
		7C36511C2806AA9600AB5EC0 /* Base */ = {isa = PBXFileReference; lastKnownFileType = file.storyboard; name = Base; path = Base.lproj/LaunchScreen.storyboard; sourceTree = "<group>"; };
		7C36511E2806AA9600AB5EC0 /* Info.plist */ = {isa = PBXFileReference; lastKnownFileType = text.plist.xml; path = Info.plist; sourceTree = "<group>"; };
		7C3651242806ABB400AB5EC0 /* HabitsStore.swift */ = {isa = PBXFileReference; fileEncoding = 4; lastKnownFileType = sourcecode.swift; path = HabitsStore.swift; sourceTree = "<group>"; };
		7C36512A2806B3E100AB5EC0 /* MainTabBarController.swift */ = {isa = PBXFileReference; fileEncoding = 4; lastKnownFileType = sourcecode.swift; path = MainTabBarController.swift; sourceTree = "<group>"; };
		7C36512C2806C81E00AB5EC0 /* HabitsViewController.swift */ = {isa = PBXFileReference; lastKnownFileType = sourcecode.swift; path = HabitsViewController.swift; sourceTree = "<group>"; };
		7C36512E2806C84E00AB5EC0 /* InfoViewController.swift */ = {isa = PBXFileReference; lastKnownFileType = sourcecode.swift; path = InfoViewController.swift; sourceTree = "<group>"; };
		7C3651302806DB0100AB5EC0 /* InfoView.swift */ = {isa = PBXFileReference; lastKnownFileType = sourcecode.swift; path = InfoView.swift; sourceTree = "<group>"; };
		7C3651322807162200AB5EC0 /* HabitViewController.swift */ = {isa = PBXFileReference; lastKnownFileType = sourcecode.swift; path = HabitViewController.swift; sourceTree = "<group>"; };
		7C3651342807632E00AB5EC0 /* CustomColors.swift */ = {isa = PBXFileReference; lastKnownFileType = sourcecode.swift; path = CustomColors.swift; sourceTree = "<group>"; };
		7C365136280834B700AB5EC0 /* UIView + Extension.swift */ = {isa = PBXFileReference; fileEncoding = 4; lastKnownFileType = sourcecode.swift; path = "UIView + Extension.swift"; sourceTree = "<group>"; };
		7C365137280834B700AB5EC0 /* HabitView.swift */ = {isa = PBXFileReference; fileEncoding = 4; lastKnownFileType = sourcecode.swift; path = HabitView.swift; sourceTree = "<group>"; };
		7C4169A528098BDC00A79120 /* ProgressCollectionViewCell.swift */ = {isa = PBXFileReference; lastKnownFileType = sourcecode.swift; path = ProgressCollectionViewCell.swift; sourceTree = "<group>"; };
		7C4169A7280AD95000A79120 /* HabitCollectionViewCell.swift */ = {isa = PBXFileReference; lastKnownFileType = sourcecode.swift; path = HabitCollectionViewCell.swift; sourceTree = "<group>"; };
		7C4169A9280D64D200A79120 /* HabitDetailsViewController.swift */ = {isa = PBXFileReference; lastKnownFileType = sourcecode.swift; path = HabitDetailsViewController.swift; sourceTree = "<group>"; };
		7C4169AB2810238A00A79120 /* HabitCollectionViewCellDelgate.swift */ = {isa = PBXFileReference; lastKnownFileType = sourcecode.swift; path = HabitCollectionViewCellDelgate.swift; sourceTree = "<group>"; };
/* End PBXFileReference section */

/* Begin PBXFrameworksBuildPhase section */
		7C36510A2806AA9500AB5EC0 /* Frameworks */ = {
			isa = PBXFrameworksBuildPhase;
			buildActionMask = 2147483647;
			files = (
			);
			runOnlyForDeploymentPostprocessing = 0;
		};
/* End PBXFrameworksBuildPhase section */

/* Begin PBXGroup section */
		7C3651042806AA9500AB5EC0 = {
			isa = PBXGroup;
			children = (
				7C36510F2806AA9500AB5EC0 /* MyHabits */,
				7C36510E2806AA9500AB5EC0 /* Products */,
			);
			sourceTree = "<group>";
		};
		7C36510E2806AA9500AB5EC0 /* Products */ = {
			isa = PBXGroup;
			children = (
				7C36510D2806AA9500AB5EC0 /* MyHabits.app */,
			);
			name = Products;
			sourceTree = "<group>";
		};
		7C36510F2806AA9500AB5EC0 /* MyHabits */ = {
			isa = PBXGroup;
			children = (
				7C54133128188BB3000065A7 /* Views */,
				7C54133028188B73000065A7 /* CustomViewCells */,
				7C54132F28188B32000065A7 /* Controllers */,
				7C3651272806AD4D00AB5EC0 /* Resources */,
				7C3651262806ACFA00AB5EC0 /* Application */,
				7C54132E28188AE5000065A7 /* Extension */,
				7C3651242806ABB400AB5EC0 /* HabitsStore.swift */,
				7C4169AB2810238A00A79120 /* HabitCollectionViewCellDelgate.swift */,
				7C3651342807632E00AB5EC0 /* CustomColors.swift */,
			);
			path = MyHabits;
			sourceTree = "<group>";
		};
		7C3651262806ACFA00AB5EC0 /* Application */ = {
			isa = PBXGroup;
			children = (
				7C3651102806AA9500AB5EC0 /* AppDelegate.swift */,
				7C3651122806AA9500AB5EC0 /* SceneDelegate.swift */,
			);
			path = Application;
			sourceTree = "<group>";
		};
		7C3651272806AD4D00AB5EC0 /* Resources */ = {
			isa = PBXGroup;
			children = (
				7C3651192806AA9600AB5EC0 /* Assets.xcassets */,
				7C36511E2806AA9600AB5EC0 /* Info.plist */,
				7C36511B2806AA9600AB5EC0 /* LaunchScreen.storyboard */,
			);
			path = Resources;
			sourceTree = "<group>";
		};
		7C54132E28188AE5000065A7 /* Extension */ = {
			isa = PBXGroup;
			children = (
				7C365136280834B700AB5EC0 /* UIView + Extension.swift */,
			);
			path = Extension;
			sourceTree = "<group>";
		};
		7C54132F28188B32000065A7 /* Controllers */ = {
			isa = PBXGroup;
			children = (
				7C4169A9280D64D200A79120 /* HabitDetailsViewController.swift */,
				7C36512A2806B3E100AB5EC0 /* MainTabBarController.swift */,
				7C36512E2806C84E00AB5EC0 /* InfoViewController.swift */,
				7C3651322807162200AB5EC0 /* HabitViewController.swift */,
				7C36512C2806C81E00AB5EC0 /* HabitsViewController.swift */,
			);
			path = Controllers;
			sourceTree = "<group>";
		};
		7C54133028188B73000065A7 /* CustomViewCells */ = {
			isa = PBXGroup;
			children = (
				7C4169A528098BDC00A79120 /* ProgressCollectionViewCell.swift */,
				7C4169A7280AD95000A79120 /* HabitCollectionViewCell.swift */,
			);
			path = CustomViewCells;
			sourceTree = "<group>";
		};
		7C54133128188BB3000065A7 /* Views */ = {
			isa = PBXGroup;
			children = (
				7C365137280834B700AB5EC0 /* HabitView.swift */,
				7C3651302806DB0100AB5EC0 /* InfoView.swift */,
			);
			path = Views;
			sourceTree = "<group>";
		};
/* End PBXGroup section */

/* Begin PBXNativeTarget section */
		7C36510C2806AA9500AB5EC0 /* MyHabits */ = {
			isa = PBXNativeTarget;
			buildConfigurationList = 7C3651212806AA9600AB5EC0 /* Build configuration list for PBXNativeTarget "MyHabits" */;
			buildPhases = (
				7C3651092806AA9500AB5EC0 /* Sources */,
				7C36510A2806AA9500AB5EC0 /* Frameworks */,
				7C36510B2806AA9500AB5EC0 /* Resources */,
			);
			buildRules = (
			);
			dependencies = (
			);
			name = MyHabits;
			productName = MyHabits;
			productReference = 7C36510D2806AA9500AB5EC0 /* MyHabits.app */;
			productType = "com.apple.product-type.application";
		};
/* End PBXNativeTarget section */

/* Begin PBXProject section */
		7C3651052806AA9500AB5EC0 /* Project object */ = {
			isa = PBXProject;
			attributes = {
				BuildIndependentTargetsInParallel = 1;
				LastSwiftUpdateCheck = 1300;
				LastUpgradeCheck = 1300;
				TargetAttributes = {
					7C36510C2806AA9500AB5EC0 = {
						CreatedOnToolsVersion = 13.0;
					};
				};
			};
			buildConfigurationList = 7C3651082806AA9500AB5EC0 /* Build configuration list for PBXProject "MyHabits" */;
			compatibilityVersion = "Xcode 13.0";
			developmentRegion = en;
			hasScannedForEncodings = 0;
			knownRegions = (
				en,
				Base,
			);
			mainGroup = 7C3651042806AA9500AB5EC0;
			productRefGroup = 7C36510E2806AA9500AB5EC0 /* Products */;
			projectDirPath = "";
			projectRoot = "";
			targets = (
				7C36510C2806AA9500AB5EC0 /* MyHabits */,
			);
		};
/* End PBXProject section */

/* Begin PBXResourcesBuildPhase section */
		7C36510B2806AA9500AB5EC0 /* Resources */ = {
			isa = PBXResourcesBuildPhase;
			buildActionMask = 2147483647;
			files = (
				7C36511D2806AA9600AB5EC0 /* LaunchScreen.storyboard in Resources */,
				7C36511A2806AA9600AB5EC0 /* Assets.xcassets in Resources */,
			);
			runOnlyForDeploymentPostprocessing = 0;
		};
/* End PBXResourcesBuildPhase section */

/* Begin PBXSourcesBuildPhase section */
		7C3651092806AA9500AB5EC0 /* Sources */ = {
			isa = PBXSourcesBuildPhase;
			buildActionMask = 2147483647;
			files = (
				7C4169AC2810238A00A79120 /* HabitCollectionViewCellDelgate.swift in Sources */,
				7C3651252806ABB400AB5EC0 /* HabitsStore.swift in Sources */,
				7C3651352807632E00AB5EC0 /* CustomColors.swift in Sources */,
				7C4169A628098BDC00A79120 /* ProgressCollectionViewCell.swift in Sources */,
				7C36512D2806C81E00AB5EC0 /* HabitsViewController.swift in Sources */,
				7C36512F2806C84F00AB5EC0 /* InfoViewController.swift in Sources */,
				7C3651332807162200AB5EC0 /* HabitViewController.swift in Sources */,
				7C36512B2806B3E100AB5EC0 /* MainTabBarController.swift in Sources */,
				7C365139280834B700AB5EC0 /* HabitView.swift in Sources */,
				7C3651112806AA9500AB5EC0 /* AppDelegate.swift in Sources */,
				7C3651132806AA9500AB5EC0 /* SceneDelegate.swift in Sources */,
				7C4169AA280D64D200A79120 /* HabitDetailsViewController.swift in Sources */,
				7C4169A8280AD95000A79120 /* HabitCollectionViewCell.swift in Sources */,
				7C365138280834B700AB5EC0 /* UIView + Extension.swift in Sources */,
				7C3651312806DB0100AB5EC0 /* InfoView.swift in Sources */,
			);
			runOnlyForDeploymentPostprocessing = 0;
		};
/* End PBXSourcesBuildPhase section */

/* Begin PBXVariantGroup section */
		7C36511B2806AA9600AB5EC0 /* LaunchScreen.storyboard */ = {
			isa = PBXVariantGroup;
			children = (
				7C36511C2806AA9600AB5EC0 /* Base */,
			);
			name = LaunchScreen.storyboard;
			sourceTree = "<group>";
		};
/* End PBXVariantGroup section */

/* Begin XCBuildConfiguration section */
		7C36511F2806AA9600AB5EC0 /* Debug */ = {
			isa = XCBuildConfiguration;
			buildSettings = {
				ALWAYS_SEARCH_USER_PATHS = NO;
				CLANG_ANALYZER_NONNULL = YES;
				CLANG_ANALYZER_NUMBER_OBJECT_CONVERSION = YES_AGGRESSIVE;
				CLANG_CXX_LANGUAGE_STANDARD = "gnu++17";
				CLANG_CXX_LIBRARY = "libc++";
				CLANG_ENABLE_MODULES = YES;
				CLANG_ENABLE_OBJC_ARC = YES;
				CLANG_ENABLE_OBJC_WEAK = YES;
				CLANG_WARN_BLOCK_CAPTURE_AUTORELEASING = YES;
				CLANG_WARN_BOOL_CONVERSION = YES;
				CLANG_WARN_COMMA = YES;
				CLANG_WARN_CONSTANT_CONVERSION = YES;
				CLANG_WARN_DEPRECATED_OBJC_IMPLEMENTATIONS = YES;
				CLANG_WARN_DIRECT_OBJC_ISA_USAGE = YES_ERROR;
				CLANG_WARN_DOCUMENTATION_COMMENTS = YES;
				CLANG_WARN_EMPTY_BODY = YES;
				CLANG_WARN_ENUM_CONVERSION = YES;
				CLANG_WARN_INFINITE_RECURSION = YES;
				CLANG_WARN_INT_CONVERSION = YES;
				CLANG_WARN_NON_LITERAL_NULL_CONVERSION = YES;
				CLANG_WARN_OBJC_IMPLICIT_RETAIN_SELF = YES;
				CLANG_WARN_OBJC_LITERAL_CONVERSION = YES;
				CLANG_WARN_OBJC_ROOT_CLASS = YES_ERROR;
				CLANG_WARN_QUOTED_INCLUDE_IN_FRAMEWORK_HEADER = YES;
				CLANG_WARN_RANGE_LOOP_ANALYSIS = YES;
				CLANG_WARN_STRICT_PROTOTYPES = YES;
				CLANG_WARN_SUSPICIOUS_MOVE = YES;
				CLANG_WARN_UNGUARDED_AVAILABILITY = YES_AGGRESSIVE;
				CLANG_WARN_UNREACHABLE_CODE = YES;
				CLANG_WARN__DUPLICATE_METHOD_MATCH = YES;
				COPY_PHASE_STRIP = NO;
				DEBUG_INFORMATION_FORMAT = dwarf;
				ENABLE_STRICT_OBJC_MSGSEND = YES;
				ENABLE_TESTABILITY = YES;
				GCC_C_LANGUAGE_STANDARD = gnu11;
				GCC_DYNAMIC_NO_PIC = NO;
				GCC_NO_COMMON_BLOCKS = YES;
				GCC_OPTIMIZATION_LEVEL = 0;
				GCC_PREPROCESSOR_DEFINITIONS = (
					"DEBUG=1",
					"$(inherited)",
				);
				GCC_WARN_64_TO_32_BIT_CONVERSION = YES;
				GCC_WARN_ABOUT_RETURN_TYPE = YES_ERROR;
				GCC_WARN_UNDECLARED_SELECTOR = YES;
				GCC_WARN_UNINITIALIZED_AUTOS = YES_AGGRESSIVE;
				GCC_WARN_UNUSED_FUNCTION = YES;
				GCC_WARN_UNUSED_VARIABLE = YES;
				IPHONEOS_DEPLOYMENT_TARGET = 15.0;
				MTL_ENABLE_DEBUG_INFO = INCLUDE_SOURCE;
				MTL_FAST_MATH = YES;
				ONLY_ACTIVE_ARCH = YES;
				SDKROOT = iphoneos;
				SWIFT_ACTIVE_COMPILATION_CONDITIONS = DEBUG;
				SWIFT_OPTIMIZATION_LEVEL = "-Onone";
			};
			name = Debug;
		};
		7C3651202806AA9600AB5EC0 /* Release */ = {
			isa = XCBuildConfiguration;
			buildSettings = {
				ALWAYS_SEARCH_USER_PATHS = NO;
				CLANG_ANALYZER_NONNULL = YES;
				CLANG_ANALYZER_NUMBER_OBJECT_CONVERSION = YES_AGGRESSIVE;
				CLANG_CXX_LANGUAGE_STANDARD = "gnu++17";
				CLANG_CXX_LIBRARY = "libc++";
				CLANG_ENABLE_MODULES = YES;
				CLANG_ENABLE_OBJC_ARC = YES;
				CLANG_ENABLE_OBJC_WEAK = YES;
				CLANG_WARN_BLOCK_CAPTURE_AUTORELEASING = YES;
				CLANG_WARN_BOOL_CONVERSION = YES;
				CLANG_WARN_COMMA = YES;
				CLANG_WARN_CONSTANT_CONVERSION = YES;
				CLANG_WARN_DEPRECATED_OBJC_IMPLEMENTATIONS = YES;
				CLANG_WARN_DIRECT_OBJC_ISA_USAGE = YES_ERROR;
				CLANG_WARN_DOCUMENTATION_COMMENTS = YES;
				CLANG_WARN_EMPTY_BODY = YES;
				CLANG_WARN_ENUM_CONVERSION = YES;
				CLANG_WARN_INFINITE_RECURSION = YES;
				CLANG_WARN_INT_CONVERSION = YES;
				CLANG_WARN_NON_LITERAL_NULL_CONVERSION = YES;
				CLANG_WARN_OBJC_IMPLICIT_RETAIN_SELF = YES;
				CLANG_WARN_OBJC_LITERAL_CONVERSION = YES;
				CLANG_WARN_OBJC_ROOT_CLASS = YES_ERROR;
				CLANG_WARN_QUOTED_INCLUDE_IN_FRAMEWORK_HEADER = YES;
				CLANG_WARN_RANGE_LOOP_ANALYSIS = YES;
				CLANG_WARN_STRICT_PROTOTYPES = YES;
				CLANG_WARN_SUSPICIOUS_MOVE = YES;
				CLANG_WARN_UNGUARDED_AVAILABILITY = YES_AGGRESSIVE;
				CLANG_WARN_UNREACHABLE_CODE = YES;
				CLANG_WARN__DUPLICATE_METHOD_MATCH = YES;
				COPY_PHASE_STRIP = NO;
				DEBUG_INFORMATION_FORMAT = "dwarf-with-dsym";
				ENABLE_NS_ASSERTIONS = NO;
				ENABLE_STRICT_OBJC_MSGSEND = YES;
				GCC_C_LANGUAGE_STANDARD = gnu11;
				GCC_NO_COMMON_BLOCKS = YES;
				GCC_WARN_64_TO_32_BIT_CONVERSION = YES;
				GCC_WARN_ABOUT_RETURN_TYPE = YES_ERROR;
				GCC_WARN_UNDECLARED_SELECTOR = YES;
				GCC_WARN_UNINITIALIZED_AUTOS = YES_AGGRESSIVE;
				GCC_WARN_UNUSED_FUNCTION = YES;
				GCC_WARN_UNUSED_VARIABLE = YES;
				IPHONEOS_DEPLOYMENT_TARGET = 15.0;
				MTL_ENABLE_DEBUG_INFO = NO;
				MTL_FAST_MATH = YES;
				SDKROOT = iphoneos;
				SWIFT_COMPILATION_MODE = wholemodule;
				SWIFT_OPTIMIZATION_LEVEL = "-O";
				VALIDATE_PRODUCT = YES;
			};
			name = Release;
		};
		7C3651222806AA9600AB5EC0 /* Debug */ = {
			isa = XCBuildConfiguration;
			buildSettings = {
				ASSETCATALOG_COMPILER_APPICON_NAME = AppIcon;
				ASSETCATALOG_COMPILER_GLOBAL_ACCENT_COLOR_NAME = AccentColor;
				CODE_SIGN_STYLE = Automatic;
				CURRENT_PROJECT_VERSION = 1;
				DEVELOPMENT_TEAM = U4U42PQTLW;
				GENERATE_INFOPLIST_FILE = YES;
				INFOPLIST_FILE = MyHabits/Resources/Info.plist;
				INFOPLIST_KEY_UIApplicationSupportsIndirectInputEvents = YES;
				INFOPLIST_KEY_UILaunchStoryboardName = LaunchScreen;
				INFOPLIST_KEY_UISupportedInterfaceOrientations_iPad = "UIInterfaceOrientationPortrait UIInterfaceOrientationPortraitUpsideDown UIInterfaceOrientationLandscapeLeft UIInterfaceOrientationLandscapeRight";
				INFOPLIST_KEY_UISupportedInterfaceOrientations_iPhone = "UIInterfaceOrientationPortrait UIInterfaceOrientationLandscapeLeft UIInterfaceOrientationLandscapeRight";
				LD_RUNPATH_SEARCH_PATHS = (
					"$(inherited)",
					"@executable_path/Frameworks",
				);
				MARKETING_VERSION = 1.0;
				PRODUCT_BUNDLE_IDENTIFIER = Teplukhin.MyHabits;
				PRODUCT_NAME = "$(TARGET_NAME)";
				SWIFT_EMIT_LOC_STRINGS = YES;
				SWIFT_VERSION = 5.0;
				TARGETED_DEVICE_FAMILY = "1,2";
			};
			name = Debug;
		};
		7C3651232806AA9600AB5EC0 /* Release */ = {
			isa = XCBuildConfiguration;
			buildSettings = {
				ASSETCATALOG_COMPILER_APPICON_NAME = AppIcon;
				ASSETCATALOG_COMPILER_GLOBAL_ACCENT_COLOR_NAME = AccentColor;
				CODE_SIGN_STYLE = Automatic;
				CURRENT_PROJECT_VERSION = 1;
				DEVELOPMENT_TEAM = U4U42PQTLW;
				GENERATE_INFOPLIST_FILE = YES;
				INFOPLIST_FILE = MyHabits/Resources/Info.plist;
				INFOPLIST_KEY_UIApplicationSupportsIndirectInputEvents = YES;
				INFOPLIST_KEY_UILaunchStoryboardName = LaunchScreen;
				INFOPLIST_KEY_UISupportedInterfaceOrientations_iPad = "UIInterfaceOrientationPortrait UIInterfaceOrientationPortraitUpsideDown UIInterfaceOrientationLandscapeLeft UIInterfaceOrientationLandscapeRight";
				INFOPLIST_KEY_UISupportedInterfaceOrientations_iPhone = "UIInterfaceOrientationPortrait UIInterfaceOrientationLandscapeLeft UIInterfaceOrientationLandscapeRight";
				LD_RUNPATH_SEARCH_PATHS = (
					"$(inherited)",
					"@executable_path/Frameworks",
				);
				MARKETING_VERSION = 1.0;
				PRODUCT_BUNDLE_IDENTIFIER = Teplukhin.MyHabits;
				PRODUCT_NAME = "$(TARGET_NAME)";
				SWIFT_EMIT_LOC_STRINGS = YES;
				SWIFT_VERSION = 5.0;
				TARGETED_DEVICE_FAMILY = "1,2";
			};
			name = Release;
		};
/* End XCBuildConfiguration section */

/* Begin XCConfigurationList section */
		7C3651082806AA9500AB5EC0 /* Build configuration list for PBXProject "MyHabits" */ = {
			isa = XCConfigurationList;
			buildConfigurations = (
				7C36511F2806AA9600AB5EC0 /* Debug */,
				7C3651202806AA9600AB5EC0 /* Release */,
			);
			defaultConfigurationIsVisible = 0;
			defaultConfigurationName = Release;
		};
		7C3651212806AA9600AB5EC0 /* Build configuration list for PBXNativeTarget "MyHabits" */ = {
			isa = XCConfigurationList;
			buildConfigurations = (
				7C3651222806AA9600AB5EC0 /* Debug */,
				7C3651232806AA9600AB5EC0 /* Release */,
			);
			defaultConfigurationIsVisible = 0;
			defaultConfigurationName = Release;
		};
/* End XCConfigurationList section */
	};
	rootObject = 7C3651052806AA9500AB5EC0 /* Project object */;
}
